
Microsoft Visual Studio Solution File, Format Version 12.00
# Visual Studio Version 16
VisualStudioVersion = 16.0.30320.27
MinimumVisualStudioVersion = 10.0.40219.1
Project("{FAE04EC0-301F-11D3-BF4B-00C04F79EFBC}") = "Aula01", "Aula01\Aula01.csproj", "{CEA70681-ED51-415D-8E83-15481A2618A3}"
EndProject
Global
	GlobalSection(SolutionConfigurationPlatforms) = preSolution
		Debug|Any CPU = Debug|Any CPU
		Release|Any CPU = Release|Any CPU
	EndGlobalSection
	GlobalSection(ProjectConfigurationPlatforms) = postSolution
		{CEA70681-ED51-415D-8E83-15481A2618A3}.Debug|Any CPU.ActiveCfg = Debug|Any CPU
		{CEA70681-ED51-415D-8E83-15481A2618A3}.Debug|Any CPU.Build.0 = Debug|Any CPU
		{CEA70681-ED51-415D-8E83-15481A2618A3}.Release|Any CPU.ActiveCfg = Release|Any CPU
		{CEA70681-ED51-415D-8E83-15481A2618A3}.Release|Any CPU.Build.0 = Release|Any CPU
	EndGlobalSection
	GlobalSection(SolutionProperties) = preSolution
		HideSolutionNode = FALSE
	EndGlobalSection
	GlobalSection(ExtensibilityGlobals) = postSolution
		SolutionGuid = {7E00530D-96A9-4ABE-BF62-3BD2BB0F18F1}
	EndGlobalSection
EndGlobal
